
Microsoft Visual Studio Solution File, Format Version 12.00
# Visual Studio 2012
Project("{FAE04EC0-301F-11D3-BF4B-00C04F79EFBC}") = "StacjaMeteo", "StacjaMeteo\StacjaMeteo.csproj", "{98227EA5-5119-432A-8622-5BA35B1BF4BC}"
EndProject
Global
	GlobalSection(SolutionConfigurationPlatforms) = preSolution
		Debug|Any CPU = Debug|Any CPU
		Release|Any CPU = Release|Any CPU
	EndGlobalSection
	GlobalSection(ProjectConfigurationPlatforms) = postSolution
		{98227EA5-5119-432A-8622-5BA35B1BF4BC}.Debug|Any CPU.ActiveCfg = Debug|Any CPU
		{98227EA5-5119-432A-8622-5BA35B1BF4BC}.Debug|Any CPU.Build.0 = Debug|Any CPU
		{98227EA5-5119-432A-8622-5BA35B1BF4BC}.Release|Any CPU.ActiveCfg = Release|Any CPU
		{98227EA5-5119-432A-8622-5BA35B1BF4BC}.Release|Any CPU.Build.0 = Release|Any CPU
	EndGlobalSection
	GlobalSection(SolutionProperties) = preSolution
		HideSolutionNode = FALSE
	EndGlobalSection
EndGlobal
